{
  "name": "04_publish_mp4",
  "version": "1.0.0",
  "lockfileVersion": 1,
  "requires": true,
  "dependencies": {
    "serverless-plugin-existing-s3": {
      "version": "2.4.0",
      "resolved": "https://registry.npmjs.org/serverless-plugin-existing-s3/-/serverless-plugin-existing-s3-2.4.0.tgz",
      "integrity": "sha512-BsOSOM5X4hFmX2U7WlUWvMooTega4fKGc547OiWTUwHtB/H1nBs5bQJxM4jHJLIODEoVLw8J8O90rlif/yHwuQ=="
    }
  }
}
